
Microsoft Visual Studio Solution File, Format Version 12.00
# Visual Studio Version 16
VisualStudioVersion = 16.0.29728.190
MinimumVisualStudioVersion = 10.0.40219.1
Project("{FAE04EC0-301F-11D3-BF4B-00C04F79EFBC}") = "QuanLyNhanSu", "QuanLyNhanSu\QuanLyNhanSu.csproj", "{F850BA49-912E-4EC9-A064-8437D4426B3A}"
EndProject
Global
	GlobalSection(SolutionConfigurationPlatforms) = preSolution
		Debug|Any CPU = Debug|Any CPU
		Release|Any CPU = Release|Any CPU
	EndGlobalSection
	GlobalSection(ProjectConfigurationPlatforms) = postSolution
		{F850BA49-912E-4EC9-A064-8437D4426B3A}.Debug|Any CPU.ActiveCfg = Debug|Any CPU
		{F850BA49-912E-4EC9-A064-8437D4426B3A}.Debug|Any CPU.Build.0 = Debug|Any CPU
		{F850BA49-912E-4EC9-A064-8437D4426B3A}.Release|Any CPU.ActiveCfg = Release|Any CPU
		{F850BA49-912E-4EC9-A064-8437D4426B3A}.Release|Any CPU.Build.0 = Release|Any CPU
	EndGlobalSection
	GlobalSection(SolutionProperties) = preSolution
		HideSolutionNode = FALSE
	EndGlobalSection
	GlobalSection(ExtensibilityGlobals) = postSolution
		SolutionGuid = {5E81E447-4E6A-454C-9E3B-55E00F4B5F51}
	EndGlobalSection
EndGlobal
